
Microsoft Visual Studio Solution File, Format Version 12.00
# Visual Studio Version 17
VisualStudioVersion = 17.0.31903.59
MinimumVisualStudioVersion = 10.0.40219.1
Project("{2150E333-8FDC-42A3-9474-1A3956D46DE8}") = "Product", "Product", "{D58B5FAF-5CA2-43B4-B5E6-48045FE0BCB7}"
EndProject
Project("{9A19103F-16F7-4668-BE54-9A1E7A4F7556}") = "ProductService.Api", "Product\ProductService.Api\ProductService.Api.csproj", "{66B79F1B-E53E-4484-AA76-D54AD93A123B}"
EndProject
Project("{9A19103F-16F7-4668-BE54-9A1E7A4F7556}") = "ProductService.AppCore", "Product\ProductService.AppCore\ProductService.AppCore.csproj", "{BCB193A9-103E-423B-AD9A-468F53BC414A}"
EndProject
Project("{9A19103F-16F7-4668-BE54-9A1E7A4F7556}") = "ProductService.Infrastructure", "Product\ProductService.Infrastructure\ProductService.Infrastructure.csproj", "{17DDB0C6-38A2-46E1-AC93-37D771AAB213}"
EndProject
Project("{2150E333-8FDC-42A3-9474-1A3956D46DE8}") = "Ordering", "Ordering", "{154EE4DD-15DA-4E5F-A7A3-BBCEB282A5E0}"
EndProject
Project("{9A19103F-16F7-4668-BE54-9A1E7A4F7556}") = "OrderingService.AppCore", "Ordering\OrderingService.Domain\OrderingService.AppCore.csproj", "{C73CC4E8-3A35-4255-BB75-3B6DDAF5523D}"
EndProject
Project("{9A19103F-16F7-4668-BE54-9A1E7A4F7556}") = "OrderingService.Infrastructure", "Ordering\OrderingService.Infrastructure\OrderingService.Infrastructure.csproj", "{C6E6B15D-1FE0-4FD4-9F73-7A03217059F8}"
EndProject
Project("{9A19103F-16F7-4668-BE54-9A1E7A4F7556}") = "OrderingService.Api", "Ordering\OrderingService.Api\OrderingService.Api.csproj", "{DB901F66-6836-4B64-9246-89C7E3A4DF3D}"
EndProject
Project("{2150E333-8FDC-42A3-9474-1A3956D46DE8}") = "Notification", "Notification", "{262D7696-8DDC-4CEC-98F3-0B7198C81174}"
EndProject
Project("{9A19103F-16F7-4668-BE54-9A1E7A4F7556}") = "NotificationService.Api", "Notification\NotificationService.Api\NotificationService.Api.csproj", "{3AAE4BF3-F70A-45E8-ABC8-D6C4E8935A1B}"
EndProject
Project("{9A19103F-16F7-4668-BE54-9A1E7A4F7556}") = "NotificationService.AppCore", "Notification\NotificationService.AppCore\NotificationService.AppCore.csproj", "{B4EB1FBB-0DD0-4CEA-83AE-5C9A0ED597E7}"
EndProject
Project("{2150E333-8FDC-42A3-9474-1A3956D46DE8}") = "Shared", "Shared", "{F48C5165-8B29-4A6E-9B00-42ADBC780135}"
EndProject
Project("{9A19103F-16F7-4668-BE54-9A1E7A4F7556}") = "N8T.Infrastructure", "Shared\N8T.Infrastructure\N8T.Infrastructure.csproj", "{B15A46E4-3B3A-4BE3-A523-B6DE181B5681}"
EndProject
Project("{9A19103F-16F7-4668-BE54-9A1E7A4F7556}") = "N8T.Infrastructure.EfCore", "Shared\N8T.Infrastructure.EfCore\N8T.Infrastructure.EfCore.csproj", "{5BABD0AC-EA31-4D18-A896-E6AC1E9CD22C}"
EndProject
Project("{9A19103F-16F7-4668-BE54-9A1E7A4F7556}") = "NotificationService.Shared", "Notification\NotificationService.Shared\NotificationService.Shared.csproj", "{0592C109-39E3-43C6-83F9-A4EB1A191AAC}"
EndProject
Project("{9A19103F-16F7-4668-BE54-9A1E7A4F7556}") = "OrderingService.Shared", "Ordering\OrderingService.Shared\OrderingService.Shared.csproj", "{448A4FA0-A26A-4BDF-A632-90557847F1FE}"
EndProject
Project("{9A19103F-16F7-4668-BE54-9A1E7A4F7556}") = "ProductService.Shared", "Product\ProductService.Shared\ProductService.Shared.csproj", "{2FCD39D4-75AA-4C91-AC76-E2F528A9BADD}"
EndProject
Project("{9A19103F-16F7-4668-BE54-9A1E7A4F7556}") = "N8T.Core", "Shared\N8T.Core\N8T.Core.csproj", "{9587A551-A285-4FF9-ADFF-533EC865B094}"
EndProject
Project("{2150E333-8FDC-42A3-9474-1A3956D46DE8}") = "Auth", "Auth", "{F7E9D2CA-D078-43E5-8C8D-0318B003E172}"
EndProject
Project("{9A19103F-16F7-4668-BE54-9A1E7A4F7556}") = "CarStore.TestAuthentication", "Auth\CarStore.TestAuthentication\CarStore.TestAuthentication.csproj", "{EC902712-63C2-4C84-A6AB-479707EFCDAA}"
EndProject
Project("{2150E333-8FDC-42A3-9474-1A3956D46DE8}") = "ApiGateway", "ApiGateway", "{B0CAE985-8D88-44CC-BCA4-B959AD57439E}"
EndProject
Project("{9A19103F-16F7-4668-BE54-9A1E7A4F7556}") = "ApiGateway", "ApiGateway\ApiGateway.csproj", "{B8F13166-39A0-4230-8A3C-C13A4B9B81E4}"
EndProject
Project("{9A19103F-16F7-4668-BE54-9A1E7A4F7556}") = "CarStore.Authentication", "Auth\CarStore.Authentication\CarStore.Authentication.csproj", "{AF252586-5FA4-45CD-8F03-0FD991A0756C}"
EndProject
Global
	GlobalSection(SolutionConfigurationPlatforms) = preSolution
		Debug|Any CPU = Debug|Any CPU
		Release|Any CPU = Release|Any CPU
	EndGlobalSection
	GlobalSection(ProjectConfigurationPlatforms) = postSolution
		{66B79F1B-E53E-4484-AA76-D54AD93A123B}.Debug|Any CPU.ActiveCfg = Debug|Any CPU
		{66B79F1B-E53E-4484-AA76-D54AD93A123B}.Debug|Any CPU.Build.0 = Debug|Any CPU
		{66B79F1B-E53E-4484-AA76-D54AD93A123B}.Release|Any CPU.ActiveCfg = Release|Any CPU
		{66B79F1B-E53E-4484-AA76-D54AD93A123B}.Release|Any CPU.Build.0 = Release|Any CPU
		{BCB193A9-103E-423B-AD9A-468F53BC414A}.Debug|Any CPU.ActiveCfg = Debug|Any CPU
		{BCB193A9-103E-423B-AD9A-468F53BC414A}.Debug|Any CPU.Build.0 = Debug|Any CPU
		{BCB193A9-103E-423B-AD9A-468F53BC414A}.Release|Any CPU.ActiveCfg = Release|Any CPU
		{BCB193A9-103E-423B-AD9A-468F53BC414A}.Release|Any CPU.Build.0 = Release|Any CPU
		{17DDB0C6-38A2-46E1-AC93-37D771AAB213}.Debug|Any CPU.ActiveCfg = Debug|Any CPU
		{17DDB0C6-38A2-46E1-AC93-37D771AAB213}.Debug|Any CPU.Build.0 = Debug|Any CPU
		{17DDB0C6-38A2-46E1-AC93-37D771AAB213}.Release|Any CPU.ActiveCfg = Release|Any CPU
		{17DDB0C6-38A2-46E1-AC93-37D771AAB213}.Release|Any CPU.Build.0 = Release|Any CPU
		{C73CC4E8-3A35-4255-BB75-3B6DDAF5523D}.Debug|Any CPU.ActiveCfg = Debug|Any CPU
		{C73CC4E8-3A35-4255-BB75-3B6DDAF5523D}.Debug|Any CPU.Build.0 = Debug|Any CPU
		{C73CC4E8-3A35-4255-BB75-3B6DDAF5523D}.Release|Any CPU.ActiveCfg = Release|Any CPU
		{C73CC4E8-3A35-4255-BB75-3B6DDAF5523D}.Release|Any CPU.Build.0 = Release|Any CPU
		{C6E6B15D-1FE0-4FD4-9F73-7A03217059F8}.Debug|Any CPU.ActiveCfg = Debug|Any CPU
		{C6E6B15D-1FE0-4FD4-9F73-7A03217059F8}.Debug|Any CPU.Build.0 = Debug|Any CPU
		{C6E6B15D-1FE0-4FD4-9F73-7A03217059F8}.Release|Any CPU.ActiveCfg = Release|Any CPU
		{C6E6B15D-1FE0-4FD4-9F73-7A03217059F8}.Release|Any CPU.Build.0 = Release|Any CPU
		{DB901F66-6836-4B64-9246-89C7E3A4DF3D}.Debug|Any CPU.ActiveCfg = Debug|Any CPU
		{DB901F66-6836-4B64-9246-89C7E3A4DF3D}.Debug|Any CPU.Build.0 = Debug|Any CPU
		{DB901F66-6836-4B64-9246-89C7E3A4DF3D}.Release|Any CPU.ActiveCfg = Release|Any CPU
		{DB901F66-6836-4B64-9246-89C7E3A4DF3D}.Release|Any CPU.Build.0 = Release|Any CPU
		{3AAE4BF3-F70A-45E8-ABC8-D6C4E8935A1B}.Debug|Any CPU.ActiveCfg = Debug|Any CPU
		{3AAE4BF3-F70A-45E8-ABC8-D6C4E8935A1B}.Debug|Any CPU.Build.0 = Debug|Any CPU
		{3AAE4BF3-F70A-45E8-ABC8-D6C4E8935A1B}.Release|Any CPU.ActiveCfg = Release|Any CPU
		{3AAE4BF3-F70A-45E8-ABC8-D6C4E8935A1B}.Release|Any CPU.Build.0 = Release|Any CPU
		{B4EB1FBB-0DD0-4CEA-83AE-5C9A0ED597E7}.Debug|Any CPU.ActiveCfg = Debug|Any CPU
		{B4EB1FBB-0DD0-4CEA-83AE-5C9A0ED597E7}.Debug|Any CPU.Build.0 = Debug|Any CPU
		{B4EB1FBB-0DD0-4CEA-83AE-5C9A0ED597E7}.Release|Any CPU.ActiveCfg = Release|Any CPU
		{B4EB1FBB-0DD0-4CEA-83AE-5C9A0ED597E7}.Release|Any CPU.Build.0 = Release|Any CPU
		{B15A46E4-3B3A-4BE3-A523-B6DE181B5681}.Debug|Any CPU.ActiveCfg = Debug|Any CPU
		{B15A46E4-3B3A-4BE3-A523-B6DE181B5681}.Debug|Any CPU.Build.0 = Debug|Any CPU
		{B15A46E4-3B3A-4BE3-A523-B6DE181B5681}.Release|Any CPU.ActiveCfg = Release|Any CPU
		{B15A46E4-3B3A-4BE3-A523-B6DE181B5681}.Release|Any CPU.Build.0 = Release|Any CPU
		{5BABD0AC-EA31-4D18-A896-E6AC1E9CD22C}.Debug|Any CPU.ActiveCfg = Debug|Any CPU
		{5BABD0AC-EA31-4D18-A896-E6AC1E9CD22C}.Debug|Any CPU.Build.0 = Debug|Any CPU
		{5BABD0AC-EA31-4D18-A896-E6AC1E9CD22C}.Release|Any CPU.ActiveCfg = Release|Any CPU
		{5BABD0AC-EA31-4D18-A896-E6AC1E9CD22C}.Release|Any CPU.Build.0 = Release|Any CPU
		{0592C109-39E3-43C6-83F9-A4EB1A191AAC}.Debug|Any CPU.ActiveCfg = Debug|Any CPU
		{0592C109-39E3-43C6-83F9-A4EB1A191AAC}.Debug|Any CPU.Build.0 = Debug|Any CPU
		{0592C109-39E3-43C6-83F9-A4EB1A191AAC}.Release|Any CPU.ActiveCfg = Release|Any CPU
		{0592C109-39E3-43C6-83F9-A4EB1A191AAC}.Release|Any CPU.Build.0 = Release|Any CPU
		{448A4FA0-A26A-4BDF-A632-90557847F1FE}.Debug|Any CPU.ActiveCfg = Debug|Any CPU
		{448A4FA0-A26A-4BDF-A632-90557847F1FE}.Debug|Any CPU.Build.0 = Debug|Any CPU
		{448A4FA0-A26A-4BDF-A632-90557847F1FE}.Release|Any CPU.ActiveCfg = Release|Any CPU
		{448A4FA0-A26A-4BDF-A632-90557847F1FE}.Release|Any CPU.Build.0 = Release|Any CPU
		{2FCD39D4-75AA-4C91-AC76-E2F528A9BADD}.Debug|Any CPU.ActiveCfg = Debug|Any CPU
		{2FCD39D4-75AA-4C91-AC76-E2F528A9BADD}.Debug|Any CPU.Build.0 = Debug|Any CPU
		{2FCD39D4-75AA-4C91-AC76-E2F528A9BADD}.Release|Any CPU.ActiveCfg = Release|Any CPU
		{2FCD39D4-75AA-4C91-AC76-E2F528A9BADD}.Release|Any CPU.Build.0 = Release|Any CPU
		{9587A551-A285-4FF9-ADFF-533EC865B094}.Debug|Any CPU.ActiveCfg = Debug|Any CPU
		{9587A551-A285-4FF9-ADFF-533EC865B094}.Debug|Any CPU.Build.0 = Debug|Any CPU
		{9587A551-A285-4FF9-ADFF-533EC865B094}.Release|Any CPU.ActiveCfg = Release|Any CPU
		{9587A551-A285-4FF9-ADFF-533EC865B094}.Release|Any CPU.Build.0 = Release|Any CPU
		{EC902712-63C2-4C84-A6AB-479707EFCDAA}.Debug|Any CPU.ActiveCfg = Debug|Any CPU
		{EC902712-63C2-4C84-A6AB-479707EFCDAA}.Debug|Any CPU.Build.0 = Debug|Any CPU
		{EC902712-63C2-4C84-A6AB-479707EFCDAA}.Release|Any CPU.ActiveCfg = Release|Any CPU
		{EC902712-63C2-4C84-A6AB-479707EFCDAA}.Release|Any CPU.Build.0 = Release|Any CPU
		{B8F13166-39A0-4230-8A3C-C13A4B9B81E4}.Debug|Any CPU.ActiveCfg = Debug|Any CPU
		{B8F13166-39A0-4230-8A3C-C13A4B9B81E4}.Debug|Any CPU.Build.0 = Debug|Any CPU
		{B8F13166-39A0-4230-8A3C-C13A4B9B81E4}.Release|Any CPU.ActiveCfg = Release|Any CPU
		{B8F13166-39A0-4230-8A3C-C13A4B9B81E4}.Release|Any CPU.Build.0 = Release|Any CPU
		{AF252586-5FA4-45CD-8F03-0FD991A0756C}.Debug|Any CPU.ActiveCfg = Debug|Any CPU
		{AF252586-5FA4-45CD-8F03-0FD991A0756C}.Debug|Any CPU.Build.0 = Debug|Any CPU
		{AF252586-5FA4-45CD-8F03-0FD991A0756C}.Release|Any CPU.ActiveCfg = Release|Any CPU
		{AF252586-5FA4-45CD-8F03-0FD991A0756C}.Release|Any CPU.Build.0 = Release|Any CPU
	EndGlobalSection
	GlobalSection(SolutionProperties) = preSolution
		HideSolutionNode = FALSE
	EndGlobalSection
	GlobalSection(NestedProjects) = preSolution
		{66B79F1B-E53E-4484-AA76-D54AD93A123B} = {D58B5FAF-5CA2-43B4-B5E6-48045FE0BCB7}
		{BCB193A9-103E-423B-AD9A-468F53BC414A} = {D58B5FAF-5CA2-43B4-B5E6-48045FE0BCB7}
		{17DDB0C6-38A2-46E1-AC93-37D771AAB213} = {D58B5FAF-5CA2-43B4-B5E6-48045FE0BCB7}
		{C73CC4E8-3A35-4255-BB75-3B6DDAF5523D} = {154EE4DD-15DA-4E5F-A7A3-BBCEB282A5E0}
		{C6E6B15D-1FE0-4FD4-9F73-7A03217059F8} = {154EE4DD-15DA-4E5F-A7A3-BBCEB282A5E0}
		{DB901F66-6836-4B64-9246-89C7E3A4DF3D} = {154EE4DD-15DA-4E5F-A7A3-BBCEB282A5E0}
		{3AAE4BF3-F70A-45E8-ABC8-D6C4E8935A1B} = {262D7696-8DDC-4CEC-98F3-0B7198C81174}
		{B4EB1FBB-0DD0-4CEA-83AE-5C9A0ED597E7} = {262D7696-8DDC-4CEC-98F3-0B7198C81174}
		{B15A46E4-3B3A-4BE3-A523-B6DE181B5681} = {F48C5165-8B29-4A6E-9B00-42ADBC780135}
		{5BABD0AC-EA31-4D18-A896-E6AC1E9CD22C} = {F48C5165-8B29-4A6E-9B00-42ADBC780135}
		{0592C109-39E3-43C6-83F9-A4EB1A191AAC} = {262D7696-8DDC-4CEC-98F3-0B7198C81174}
		{448A4FA0-A26A-4BDF-A632-90557847F1FE} = {154EE4DD-15DA-4E5F-A7A3-BBCEB282A5E0}
		{2FCD39D4-75AA-4C91-AC76-E2F528A9BADD} = {D58B5FAF-5CA2-43B4-B5E6-48045FE0BCB7}
		{9587A551-A285-4FF9-ADFF-533EC865B094} = {F48C5165-8B29-4A6E-9B00-42ADBC780135}
		{EC902712-63C2-4C84-A6AB-479707EFCDAA} = {F7E9D2CA-D078-43E5-8C8D-0318B003E172}
		{B8F13166-39A0-4230-8A3C-C13A4B9B81E4} = {B0CAE985-8D88-44CC-BCA4-B959AD57439E}
		{AF252586-5FA4-45CD-8F03-0FD991A0756C} = {F7E9D2CA-D078-43E5-8C8D-0318B003E172}
	EndGlobalSection
	GlobalSection(ExtensibilityGlobals) = postSolution
		SolutionGuid = {8F5B89B2-C9F4-475F-A629-4B19E55AE3AF}
	EndGlobalSection
EndGlobal
