
Microsoft Visual Studio Solution File, Format Version 12.00
# Visual Studio Version 17
VisualStudioVersion = 17.0.31903.59
MinimumVisualStudioVersion = 10.0.40219.1
Project("{9A19103F-16F7-4668-BE54-9A1E7A4F7556}") = "N8T.Core", "N8T.Core\N8T.Core.csproj", "{C191F2BE-2881-4A6B-95A5-0E1FE73CB177}"
EndProject
Project("{9A19103F-16F7-4668-BE54-9A1E7A4F7556}") = "N8T.Infrastructure", "N8T.Infrastructure\N8T.Infrastructure.csproj", "{BE2B27A5-B1B4-4352-8830-8DF24E68D8F3}"
EndProject
Project("{9A19103F-16F7-4668-BE54-9A1E7A4F7556}") = "N8T.Infrastructure.EfCore", "N8T.Infrastructure.EfCore\N8T.Infrastructure.EfCore.csproj", "{BBE14BBD-C681-4EA8-BE77-B6F47EF2AFBF}"
EndProject
Project("{2150E333-8FDC-42A3-9474-1A3956D46DE8}") = "Product", "Product", "{D58B5FAF-5CA2-43B4-B5E6-48045FE0BCB7}"
EndProject
Project("{9A19103F-16F7-4668-BE54-9A1E7A4F7556}") = "ProductService.Api", "Product\ProductService.Api\ProductService.Api.csproj", "{66B79F1B-E53E-4484-AA76-D54AD93A123B}"
EndProject
Project("{9A19103F-16F7-4668-BE54-9A1E7A4F7556}") = "ProductService.AppCore", "Product\ProductService.AppCore\ProductService.AppCore.csproj", "{BCB193A9-103E-423B-AD9A-468F53BC414A}"
EndProject
Project("{9A19103F-16F7-4668-BE54-9A1E7A4F7556}") = "ProductService.Infrastructure", "Product\ProductService.Infrastructure\ProductService.Infrastructure.csproj", "{17DDB0C6-38A2-46E1-AC93-37D771AAB213}"
EndProject
Project("{2150E333-8FDC-42A3-9474-1A3956D46DE8}") = "Contracts", "Contracts", "{350FC161-6F69-4510-8428-35E9FA4631AC}"
EndProject
Project("{9A19103F-16F7-4668-BE54-9A1E7A4F7556}") = "CarStore.AppContracts", "Contracts\CarStore.AppConstracts\CarStore.AppContracts.csproj", "{D3CE4D40-7B36-4C6D-8892-D6D316D716E0}"
EndProject
Project("{9A19103F-16F7-4668-BE54-9A1E7A4F7556}") = "CarStore.IntegrationEvents", "CarStore.IntegrationEvents\CarStore.IntegrationEvents.csproj", "{8EA2E158-EE30-4969-AF8E-524CA64A3593}"
EndProject
Project("{9A19103F-16F7-4668-BE54-9A1E7A4F7556}") = "ApiGateway", "ApiGateway\ApiGateway.csproj", "{2F346E8F-7302-4FED-A8CD-92E904D4ADDF}"
EndProject
Project("{9A19103F-16F7-4668-BE54-9A1E7A4F7556}") = "CarStore.Authentication", "CarStore.Authentication\CarStore.Authentication.csproj", "{76F096FB-35CC-40AC-9837-838E5149075C}"
EndProject
Project("{9A19103F-16F7-4668-BE54-9A1E7A4F7556}") = "CarStore.TestAuthentication", "CarStore.TestAuthentication\CarStore.TestAuthentication.csproj", "{E503F29A-FFB6-4DBD-9DE6-4C14FE14E45E}"
EndProject
Project("{2150E333-8FDC-42A3-9474-1A3956D46DE8}") = "Ordering", "Ordering", "{154EE4DD-15DA-4E5F-A7A3-BBCEB282A5E0}"
EndProject
Project("{9A19103F-16F7-4668-BE54-9A1E7A4F7556}") = "OrderingService.AppCore", "Ordering\OrderingService.Domain\OrderingService.AppCore.csproj", "{C73CC4E8-3A35-4255-BB75-3B6DDAF5523D}"
EndProject
Project("{9A19103F-16F7-4668-BE54-9A1E7A4F7556}") = "OrderingService.Infrastructure", "Ordering\OrderingService.Infrastructure\OrderingService.Infrastructure.csproj", "{C6E6B15D-1FE0-4FD4-9F73-7A03217059F8}"
EndProject
Project("{9A19103F-16F7-4668-BE54-9A1E7A4F7556}") = "OrderingService.Api", "Ordering\OrderingService.Api\OrderingService.Api.csproj", "{DB901F66-6836-4B64-9246-89C7E3A4DF3D}"
EndProject
Project("{2150E333-8FDC-42A3-9474-1A3956D46DE8}") = "Notification", "Notification", "{262D7696-8DDC-4CEC-98F3-0B7198C81174}"
EndProject
Project("{FAE04EC0-301F-11D3-BF4B-00C04F79EFBC}") = "NotificationService.Api", "Notification\NotificationService.Api\NotificationService.Api.csproj", "{3AAE4BF3-F70A-45E8-ABC8-D6C4E8935A1B}"
EndProject
Project("{FAE04EC0-301F-11D3-BF4B-00C04F79EFBC}") = "NotificationService.AppCore", "Notification\NotificationService.AppCore\NotificationService.AppCore.csproj", "{B4EB1FBB-0DD0-4CEA-83AE-5C9A0ED597E7}"
EndProject
Project("{FAE04EC0-301F-11D3-BF4B-00C04F79EFBC}") = "NotificationService.Infrastructure", "Notification\NotificationService.Infrastructure\NotificationService.Infrastructure.csproj", "{77C10F0B-967F-4A07-9D99-6800E827E671}"
EndProject
Global
	GlobalSection(SolutionConfigurationPlatforms) = preSolution
		Debug|Any CPU = Debug|Any CPU
		Release|Any CPU = Release|Any CPU
	EndGlobalSection
	GlobalSection(ProjectConfigurationPlatforms) = postSolution
		{C191F2BE-2881-4A6B-95A5-0E1FE73CB177}.Debug|Any CPU.ActiveCfg = Debug|Any CPU
		{C191F2BE-2881-4A6B-95A5-0E1FE73CB177}.Debug|Any CPU.Build.0 = Debug|Any CPU
		{C191F2BE-2881-4A6B-95A5-0E1FE73CB177}.Release|Any CPU.ActiveCfg = Release|Any CPU
		{C191F2BE-2881-4A6B-95A5-0E1FE73CB177}.Release|Any CPU.Build.0 = Release|Any CPU
		{BE2B27A5-B1B4-4352-8830-8DF24E68D8F3}.Debug|Any CPU.ActiveCfg = Debug|Any CPU
		{BE2B27A5-B1B4-4352-8830-8DF24E68D8F3}.Debug|Any CPU.Build.0 = Debug|Any CPU
		{BE2B27A5-B1B4-4352-8830-8DF24E68D8F3}.Release|Any CPU.ActiveCfg = Release|Any CPU
		{BE2B27A5-B1B4-4352-8830-8DF24E68D8F3}.Release|Any CPU.Build.0 = Release|Any CPU
		{BBE14BBD-C681-4EA8-BE77-B6F47EF2AFBF}.Debug|Any CPU.ActiveCfg = Debug|Any CPU
		{BBE14BBD-C681-4EA8-BE77-B6F47EF2AFBF}.Debug|Any CPU.Build.0 = Debug|Any CPU
		{BBE14BBD-C681-4EA8-BE77-B6F47EF2AFBF}.Release|Any CPU.ActiveCfg = Release|Any CPU
		{BBE14BBD-C681-4EA8-BE77-B6F47EF2AFBF}.Release|Any CPU.Build.0 = Release|Any CPU
		{66B79F1B-E53E-4484-AA76-D54AD93A123B}.Debug|Any CPU.ActiveCfg = Debug|Any CPU
		{66B79F1B-E53E-4484-AA76-D54AD93A123B}.Debug|Any CPU.Build.0 = Debug|Any CPU
		{66B79F1B-E53E-4484-AA76-D54AD93A123B}.Release|Any CPU.ActiveCfg = Release|Any CPU
		{66B79F1B-E53E-4484-AA76-D54AD93A123B}.Release|Any CPU.Build.0 = Release|Any CPU
		{BCB193A9-103E-423B-AD9A-468F53BC414A}.Debug|Any CPU.ActiveCfg = Debug|Any CPU
		{BCB193A9-103E-423B-AD9A-468F53BC414A}.Debug|Any CPU.Build.0 = Debug|Any CPU
		{BCB193A9-103E-423B-AD9A-468F53BC414A}.Release|Any CPU.ActiveCfg = Release|Any CPU
		{BCB193A9-103E-423B-AD9A-468F53BC414A}.Release|Any CPU.Build.0 = Release|Any CPU
		{17DDB0C6-38A2-46E1-AC93-37D771AAB213}.Debug|Any CPU.ActiveCfg = Debug|Any CPU
		{17DDB0C6-38A2-46E1-AC93-37D771AAB213}.Debug|Any CPU.Build.0 = Debug|Any CPU
		{17DDB0C6-38A2-46E1-AC93-37D771AAB213}.Release|Any CPU.ActiveCfg = Release|Any CPU
		{17DDB0C6-38A2-46E1-AC93-37D771AAB213}.Release|Any CPU.Build.0 = Release|Any CPU
		{D3CE4D40-7B36-4C6D-8892-D6D316D716E0}.Debug|Any CPU.ActiveCfg = Debug|Any CPU
		{D3CE4D40-7B36-4C6D-8892-D6D316D716E0}.Debug|Any CPU.Build.0 = Debug|Any CPU
		{D3CE4D40-7B36-4C6D-8892-D6D316D716E0}.Release|Any CPU.ActiveCfg = Release|Any CPU
		{D3CE4D40-7B36-4C6D-8892-D6D316D716E0}.Release|Any CPU.Build.0 = Release|Any CPU
		{8EA2E158-EE30-4969-AF8E-524CA64A3593}.Debug|Any CPU.ActiveCfg = Debug|Any CPU
		{8EA2E158-EE30-4969-AF8E-524CA64A3593}.Debug|Any CPU.Build.0 = Debug|Any CPU
		{8EA2E158-EE30-4969-AF8E-524CA64A3593}.Release|Any CPU.ActiveCfg = Release|Any CPU
		{8EA2E158-EE30-4969-AF8E-524CA64A3593}.Release|Any CPU.Build.0 = Release|Any CPU
		{2F346E8F-7302-4FED-A8CD-92E904D4ADDF}.Debug|Any CPU.ActiveCfg = Debug|Any CPU
		{2F346E8F-7302-4FED-A8CD-92E904D4ADDF}.Debug|Any CPU.Build.0 = Debug|Any CPU
		{2F346E8F-7302-4FED-A8CD-92E904D4ADDF}.Release|Any CPU.ActiveCfg = Release|Any CPU
		{2F346E8F-7302-4FED-A8CD-92E904D4ADDF}.Release|Any CPU.Build.0 = Release|Any CPU
		{76F096FB-35CC-40AC-9837-838E5149075C}.Debug|Any CPU.ActiveCfg = Debug|Any CPU
		{76F096FB-35CC-40AC-9837-838E5149075C}.Debug|Any CPU.Build.0 = Debug|Any CPU
		{76F096FB-35CC-40AC-9837-838E5149075C}.Release|Any CPU.ActiveCfg = Release|Any CPU
		{76F096FB-35CC-40AC-9837-838E5149075C}.Release|Any CPU.Build.0 = Release|Any CPU
		{E503F29A-FFB6-4DBD-9DE6-4C14FE14E45E}.Debug|Any CPU.ActiveCfg = Debug|Any CPU
		{E503F29A-FFB6-4DBD-9DE6-4C14FE14E45E}.Debug|Any CPU.Build.0 = Debug|Any CPU
		{E503F29A-FFB6-4DBD-9DE6-4C14FE14E45E}.Release|Any CPU.ActiveCfg = Release|Any CPU
		{E503F29A-FFB6-4DBD-9DE6-4C14FE14E45E}.Release|Any CPU.Build.0 = Release|Any CPU
		{C73CC4E8-3A35-4255-BB75-3B6DDAF5523D}.Debug|Any CPU.ActiveCfg = Debug|Any CPU
		{C73CC4E8-3A35-4255-BB75-3B6DDAF5523D}.Debug|Any CPU.Build.0 = Debug|Any CPU
		{C73CC4E8-3A35-4255-BB75-3B6DDAF5523D}.Release|Any CPU.ActiveCfg = Release|Any CPU
		{C73CC4E8-3A35-4255-BB75-3B6DDAF5523D}.Release|Any CPU.Build.0 = Release|Any CPU
		{C6E6B15D-1FE0-4FD4-9F73-7A03217059F8}.Debug|Any CPU.ActiveCfg = Debug|Any CPU
		{C6E6B15D-1FE0-4FD4-9F73-7A03217059F8}.Debug|Any CPU.Build.0 = Debug|Any CPU
		{C6E6B15D-1FE0-4FD4-9F73-7A03217059F8}.Release|Any CPU.ActiveCfg = Release|Any CPU
		{C6E6B15D-1FE0-4FD4-9F73-7A03217059F8}.Release|Any CPU.Build.0 = Release|Any CPU
		{DB901F66-6836-4B64-9246-89C7E3A4DF3D}.Debug|Any CPU.ActiveCfg = Debug|Any CPU
		{DB901F66-6836-4B64-9246-89C7E3A4DF3D}.Debug|Any CPU.Build.0 = Debug|Any CPU
		{DB901F66-6836-4B64-9246-89C7E3A4DF3D}.Release|Any CPU.ActiveCfg = Release|Any CPU
		{DB901F66-6836-4B64-9246-89C7E3A4DF3D}.Release|Any CPU.Build.0 = Release|Any CPU
		{3AAE4BF3-F70A-45E8-ABC8-D6C4E8935A1B}.Debug|Any CPU.ActiveCfg = Debug|Any CPU
		{3AAE4BF3-F70A-45E8-ABC8-D6C4E8935A1B}.Debug|Any CPU.Build.0 = Debug|Any CPU
		{3AAE4BF3-F70A-45E8-ABC8-D6C4E8935A1B}.Release|Any CPU.ActiveCfg = Release|Any CPU
		{3AAE4BF3-F70A-45E8-ABC8-D6C4E8935A1B}.Release|Any CPU.Build.0 = Release|Any CPU
		{B4EB1FBB-0DD0-4CEA-83AE-5C9A0ED597E7}.Debug|Any CPU.ActiveCfg = Debug|Any CPU
		{B4EB1FBB-0DD0-4CEA-83AE-5C9A0ED597E7}.Debug|Any CPU.Build.0 = Debug|Any CPU
		{B4EB1FBB-0DD0-4CEA-83AE-5C9A0ED597E7}.Release|Any CPU.ActiveCfg = Release|Any CPU
		{B4EB1FBB-0DD0-4CEA-83AE-5C9A0ED597E7}.Release|Any CPU.Build.0 = Release|Any CPU
		{77C10F0B-967F-4A07-9D99-6800E827E671}.Debug|Any CPU.ActiveCfg = Debug|Any CPU
		{77C10F0B-967F-4A07-9D99-6800E827E671}.Debug|Any CPU.Build.0 = Debug|Any CPU
		{77C10F0B-967F-4A07-9D99-6800E827E671}.Release|Any CPU.ActiveCfg = Release|Any CPU
		{77C10F0B-967F-4A07-9D99-6800E827E671}.Release|Any CPU.Build.0 = Release|Any CPU
	EndGlobalSection
	GlobalSection(SolutionProperties) = preSolution
		HideSolutionNode = FALSE
	EndGlobalSection
	GlobalSection(NestedProjects) = preSolution
		{66B79F1B-E53E-4484-AA76-D54AD93A123B} = {D58B5FAF-5CA2-43B4-B5E6-48045FE0BCB7}
		{BCB193A9-103E-423B-AD9A-468F53BC414A} = {D58B5FAF-5CA2-43B4-B5E6-48045FE0BCB7}
		{17DDB0C6-38A2-46E1-AC93-37D771AAB213} = {D58B5FAF-5CA2-43B4-B5E6-48045FE0BCB7}
		{D3CE4D40-7B36-4C6D-8892-D6D316D716E0} = {350FC161-6F69-4510-8428-35E9FA4631AC}
		{8EA2E158-EE30-4969-AF8E-524CA64A3593} = {350FC161-6F69-4510-8428-35E9FA4631AC}
		{C73CC4E8-3A35-4255-BB75-3B6DDAF5523D} = {154EE4DD-15DA-4E5F-A7A3-BBCEB282A5E0}
		{C6E6B15D-1FE0-4FD4-9F73-7A03217059F8} = {154EE4DD-15DA-4E5F-A7A3-BBCEB282A5E0}
		{DB901F66-6836-4B64-9246-89C7E3A4DF3D} = {154EE4DD-15DA-4E5F-A7A3-BBCEB282A5E0}
		{3AAE4BF3-F70A-45E8-ABC8-D6C4E8935A1B} = {262D7696-8DDC-4CEC-98F3-0B7198C81174}
		{B4EB1FBB-0DD0-4CEA-83AE-5C9A0ED597E7} = {262D7696-8DDC-4CEC-98F3-0B7198C81174}
		{77C10F0B-967F-4A07-9D99-6800E827E671} = {262D7696-8DDC-4CEC-98F3-0B7198C81174}
	EndGlobalSection
	GlobalSection(ExtensibilityGlobals) = postSolution
		SolutionGuid = {8F5B89B2-C9F4-475F-A629-4B19E55AE3AF}
	EndGlobalSection
EndGlobal
